
Microsoft Visual Studio Solution File, Format Version 12.00
# Visual Studio Version 17
VisualStudioVersion = 17.7.34031.279
MinimumVisualStudioVersion = 10.0.40219.1
Project("{FAE04EC0-301F-11D3-BF4B-00C04F79EFBC}") = "ProjetoCMTech", "ProjetoCMTech\ProjetoCMTech.csproj", "{40687DBF-9B35-49F0-A2AD-5EAD89F86ECE}"
EndProject
Global
	GlobalSection(SolutionConfigurationPlatforms) = preSolution
		Debug|Any CPU = Debug|Any CPU
		Release|Any CPU = Release|Any CPU
	EndGlobalSection
	GlobalSection(ProjectConfigurationPlatforms) = postSolution
		{40687DBF-9B35-49F0-A2AD-5EAD89F86ECE}.Debug|Any CPU.ActiveCfg = Debug|Any CPU
		{40687DBF-9B35-49F0-A2AD-5EAD89F86ECE}.Debug|Any CPU.Build.0 = Debug|Any CPU
		{40687DBF-9B35-49F0-A2AD-5EAD89F86ECE}.Release|Any CPU.ActiveCfg = Release|Any CPU
		{40687DBF-9B35-49F0-A2AD-5EAD89F86ECE}.Release|Any CPU.Build.0 = Release|Any CPU
	EndGlobalSection
	GlobalSection(SolutionProperties) = preSolution
		HideSolutionNode = FALSE
	EndGlobalSection
	GlobalSection(ExtensibilityGlobals) = postSolution
		SolutionGuid = {08BB5706-A57B-4FB0-BA8C-EEFF4F6C1200}
	EndGlobalSection
EndGlobal
